// !$*UTF8*$!
{
	archiveVersion = 1;
	classes = {
	};
	objectVersion = 46;
	objects = {

/* Begin PBXBuildFile section */
		7195474D1CEAF67473ABA280 /* libPods-BbCoreProject.a in Frameworks */ = {isa = PBXBuildFile; fileRef = CD5E800C09A514C3F03C5127 /* libPods-BbCoreProject.a */; };
		F29255921C49E11C00D33EBC /* NSMutableArray+Stack.m in Sources */ = {isa = PBXBuildFile; fileRef = F29254C51C49E11C00D33EBC /* NSMutableArray+Stack.m */; };
		F29255931C49E11C00D33EBC /* UIView+BbPatch.m in Sources */ = {isa = PBXBuildFile; fileRef = F29254C71C49E11C00D33EBC /* UIView+BbPatch.m */; };
		F29255941C49E11C00D33EBC /* BbConnection+BbObjectChild.m in Sources */ = {isa = PBXBuildFile; fileRef = F29254C91C49E11C00D33EBC /* BbConnection+BbObjectChild.m */; };
		F29255951C49E11C00D33EBC /* BbConnection.m in Sources */ = {isa = PBXBuildFile; fileRef = F29254CB1C49E11C00D33EBC /* BbConnection.m */; };
		F29255961C49E11C00D33EBC /* BbCore.podspec.json in Resources */ = {isa = PBXBuildFile; fileRef = F29254CC1C49E11C00D33EBC /* BbCore.podspec.json */; };
		F29255C81C49E11C00D33EBC /* BbHelpers.m in Sources */ = {isa = PBXBuildFile; fileRef = F29255451C49E11C00D33EBC /* BbHelpers.m */; };
		F29255C91C49E11C00D33EBC /* BbParseText.m in Sources */ = {isa = PBXBuildFile; fileRef = F29255471C49E11C00D33EBC /* BbParseText.m */; };
		F29255CA1C49E11C00D33EBC /* BbTextDescription.m in Sources */ = {isa = PBXBuildFile; fileRef = F29255491C49E11C00D33EBC /* BbTextDescription.m */; };
		F29255CB1C49E11C00D33EBC /* BbAdd.m in Sources */ = {isa = PBXBuildFile; fileRef = F292554C1C49E11C00D33EBC /* BbAdd.m */; };
		F29255CC1C49E11C00D33EBC /* BbBang.m in Sources */ = {isa = PBXBuildFile; fileRef = F292554E1C49E11C00D33EBC /* BbBang.m */; };
		F29255CD1C49E11C00D33EBC /* BbClass.m in Sources */ = {isa = PBXBuildFile; fileRef = F29255501C49E11C00D33EBC /* BbClass.m */; };
		F29255D01C49E11C00D33EBC /* BbDivide.m in Sources */ = {isa = PBXBuildFile; fileRef = F29255561C49E11C00D33EBC /* BbDivide.m */; };
		F29255D11C49E11C00D33EBC /* BbInstance.m in Sources */ = {isa = PBXBuildFile; fileRef = F29255581C49E11C00D33EBC /* BbInstance.m */; };
		F29255D31C49E11C00D33EBC /* BbMethod.m in Sources */ = {isa = PBXBuildFile; fileRef = F292555C1C49E11C00D33EBC /* BbMethod.m */; };
		F29255D41C49E11C00D33EBC /* BbMultiply.m in Sources */ = {isa = PBXBuildFile; fileRef = F292555E1C49E11C00D33EBC /* BbMultiply.m */; };
		F29255D61C49E11C00D33EBC /* BbSubtract.m in Sources */ = {isa = PBXBuildFile; fileRef = F29255621C49E11C00D33EBC /* BbSubtract.m */; };
		F29255D71C49E11C00D33EBC /* BbObject+BbObjectViewDataSource.m in Sources */ = {isa = PBXBuildFile; fileRef = F29255641C49E11C00D33EBC /* BbObject+BbObjectViewDataSource.m */; };
		F29255D81C49E11C00D33EBC /* BbObject+BbObjectViewDelegate.m in Sources */ = {isa = PBXBuildFile; fileRef = F29255651C49E11C00D33EBC /* BbObject+BbObjectViewDelegate.m */; };
		F29255D91C49E11C00D33EBC /* BbObject.m in Sources */ = {isa = PBXBuildFile; fileRef = F29255671C49E11C00D33EBC /* BbObject.m */; };
		F29255DA1C49E11C00D33EBC /* BbPatch+BbObjectParent.m in Sources */ = {isa = PBXBuildFile; fileRef = F29255691C49E11C00D33EBC /* BbPatch+BbObjectParent.m */; };
		F29255DB1C49E11C00D33EBC /* BbPatch+BbObjectViewDataSource.m in Sources */ = {isa = PBXBuildFile; fileRef = F292556A1C49E11C00D33EBC /* BbPatch+BbObjectViewDataSource.m */; };
		F29255DC1C49E11C00D33EBC /* BbPatch+BbObjectViewDelegate.m in Sources */ = {isa = PBXBuildFile; fileRef = F292556B1C49E11C00D33EBC /* BbPatch+BbObjectViewDelegate.m */; };
		F29255DD1C49E11C00D33EBC /* BbPatch+Meta.m in Sources */ = {isa = PBXBuildFile; fileRef = F292556C1C49E11C00D33EBC /* BbPatch+Meta.m */; };
		F29255DE1C49E11C00D33EBC /* BbPatch.m in Sources */ = {isa = PBXBuildFile; fileRef = F292556E1C49E11C00D33EBC /* BbPatch.m */; };
		F29255DF1C49E11C00D33EBC /* BbPatchGestureRecognizer.m in Sources */ = {isa = PBXBuildFile; fileRef = F29255711C49E11C00D33EBC /* BbPatchGestureRecognizer.m */; };
		F29255E01C49E11C00D33EBC /* BbPatchView+BbObjectView.m in Sources */ = {isa = PBXBuildFile; fileRef = F29255721C49E11C00D33EBC /* BbPatchView+BbObjectView.m */; };
		F29255E11C49E11C00D33EBC /* BbPatchView+Gestures.m in Sources */ = {isa = PBXBuildFile; fileRef = F29255731C49E11C00D33EBC /* BbPatchView+Gestures.m */; };
		F29255E21C49E11C00D33EBC /* BbPatchView.m in Sources */ = {isa = PBXBuildFile; fileRef = F29255751C49E11C00D33EBC /* BbPatchView.m */; };
		F29255E31C49E11C00D33EBC /* BbPatchViewContainer.m in Sources */ = {isa = PBXBuildFile; fileRef = F29255771C49E11C00D33EBC /* BbPatchViewContainer.m */; };
		F29255E41C49E11C00D33EBC /* BbPatchViewController.m in Sources */ = {isa = PBXBuildFile; fileRef = F29255791C49E11C00D33EBC /* BbPatchViewController.m */; };
		F29255E51C49E11C00D33EBC /* BbScrollView.m in Sources */ = {isa = PBXBuildFile; fileRef = F292557B1C49E11C00D33EBC /* BbScrollView.m */; };
		F29255E61C49E11C00D33EBC /* BbInlet.m in Sources */ = {isa = PBXBuildFile; fileRef = F292557E1C49E11C00D33EBC /* BbInlet.m */; };
		F29255E71C49E11C00D33EBC /* BbOutlet.m in Sources */ = {isa = PBXBuildFile; fileRef = F29255801C49E11C00D33EBC /* BbOutlet.m */; };
		F29255E81C49E11C00D33EBC /* BbPort+BbObjectChild.m in Sources */ = {isa = PBXBuildFile; fileRef = F29255811C49E11C00D33EBC /* BbPort+BbObjectChild.m */; };
		F29255E91C49E11C00D33EBC /* BbPort+BbObjectViewDataSource.m in Sources */ = {isa = PBXBuildFile; fileRef = F29255821C49E11C00D33EBC /* BbPort+BbObjectViewDataSource.m */; };
		F29255EA1C49E11C00D33EBC /* BbPort+Meta.m in Sources */ = {isa = PBXBuildFile; fileRef = F29255831C49E11C00D33EBC /* BbPort+Meta.m */; };
		F29255EB1C49E11C00D33EBC /* BbPort.m in Sources */ = {isa = PBXBuildFile; fileRef = F29255851C49E11C00D33EBC /* BbPort.m */; };
		F29255EC1C49E11C00D33EBC /* BbPortView.m in Sources */ = {isa = PBXBuildFile; fileRef = F29255881C49E11C00D33EBC /* BbPortView.m */; };
		F29255ED1C49E11C00D33EBC /* BbView+BbObjectView.m in Sources */ = {isa = PBXBuildFile; fileRef = F29255891C49E11C00D33EBC /* BbView+BbObjectView.m */; };
		F29255EE1C49E11C00D33EBC /* BbView.m in Sources */ = {isa = PBXBuildFile; fileRef = F292558B1C49E11C00D33EBC /* BbView.m */; };
		F29255FA1C49E39700D33EBC /* BbTrigger.m in Sources */ = {isa = PBXBuildFile; fileRef = F29255F91C49E39700D33EBC /* BbTrigger.m */; };
		F2A2A8661C487084009086C8 /* TestPatchDescription 3A.txt in Resources */ = {isa = PBXBuildFile; fileRef = F2A2A8651C487084009086C8 /* TestPatchDescription 3A.txt */; };
		F2E29F8D1C4858DB009528E7 /* main.m in Sources */ = {isa = PBXBuildFile; fileRef = F2E29F8C1C4858DB009528E7 /* main.m */; };
		F2E29F901C4858DB009528E7 /* AppDelegate.m in Sources */ = {isa = PBXBuildFile; fileRef = F2E29F8F1C4858DB009528E7 /* AppDelegate.m */; };
		F2E29F931C4858DB009528E7 /* ViewController.m in Sources */ = {isa = PBXBuildFile; fileRef = F2E29F921C4858DB009528E7 /* ViewController.m */; };
		F2E29F961C4858DB009528E7 /* Main.storyboard in Resources */ = {isa = PBXBuildFile; fileRef = F2E29F941C4858DB009528E7 /* Main.storyboard */; };
		F2E29F981C4858DB009528E7 /* Assets.xcassets in Resources */ = {isa = PBXBuildFile; fileRef = F2E29F971C4858DB009528E7 /* Assets.xcassets */; };
		F2E29F9B1C4858DB009528E7 /* LaunchScreen.storyboard in Resources */ = {isa = PBXBuildFile; fileRef = F2E29F991C4858DB009528E7 /* LaunchScreen.storyboard */; };
		F2E29FA61C4858DB009528E7 /* BbCoreProjectTests.m in Sources */ = {isa = PBXBuildFile; fileRef = F2E29FA51C4858DB009528E7 /* BbCoreProjectTests.m */; };
		F2E29FB11C4858DB009528E7 /* BbCoreProjectUITests.m in Sources */ = {isa = PBXBuildFile; fileRef = F2E29FB01C4858DB009528E7 /* BbCoreProjectUITests.m */; };
/* End PBXBuildFile section */

/* Begin PBXContainerItemProxy section */
		F2E29FA21C4858DB009528E7 /* PBXContainerItemProxy */ = {
			isa = PBXContainerItemProxy;
			containerPortal = F2E29F801C4858DB009528E7 /* Project object */;
			proxyType = 1;
			remoteGlobalIDString = F2E29F871C4858DB009528E7;
			remoteInfo = BbCoreProject;
		};
		F2E29FAD1C4858DB009528E7 /* PBXContainerItemProxy */ = {
			isa = PBXContainerItemProxy;
			containerPortal = F2E29F801C4858DB009528E7 /* Project object */;
			proxyType = 1;
			remoteGlobalIDString = F2E29F871C4858DB009528E7;
			remoteInfo = BbCoreProject;
		};
/* End PBXContainerItemProxy section */

/* Begin PBXFileReference section */
		A2402CAD59E578EC1C8965EB /* Pods-BbCoreProject.release.xcconfig */ = {isa = PBXFileReference; includeInIndex = 1; lastKnownFileType = text.xcconfig; name = "Pods-BbCoreProject.release.xcconfig"; path = "Pods/Target Support Files/Pods-BbCoreProject/Pods-BbCoreProject.release.xcconfig"; sourceTree = "<group>"; };
		CD5E800C09A514C3F03C5127 /* libPods-BbCoreProject.a */ = {isa = PBXFileReference; explicitFileType = archive.ar; includeInIndex = 0; path = "libPods-BbCoreProject.a"; sourceTree = BUILT_PRODUCTS_DIR; };
		DA21775E8F4EC89D7FAD2808 /* Pods-BbCoreProject.debug.xcconfig */ = {isa = PBXFileReference; includeInIndex = 1; lastKnownFileType = text.xcconfig; name = "Pods-BbCoreProject.debug.xcconfig"; path = "Pods/Target Support Files/Pods-BbCoreProject/Pods-BbCoreProject.debug.xcconfig"; sourceTree = "<group>"; };
		F29254C41C49E11C00D33EBC /* NSMutableArray+Stack.h */ = {isa = PBXFileReference; fileEncoding = 4; lastKnownFileType = sourcecode.c.h; path = "NSMutableArray+Stack.h"; sourceTree = "<group>"; };
		F29254C51C49E11C00D33EBC /* NSMutableArray+Stack.m */ = {isa = PBXFileReference; fileEncoding = 4; lastKnownFileType = sourcecode.c.objc; path = "NSMutableArray+Stack.m"; sourceTree = "<group>"; };
		F29254C61C49E11C00D33EBC /* UIView+BbPatch.h */ = {isa = PBXFileReference; fileEncoding = 4; lastKnownFileType = sourcecode.c.h; path = "UIView+BbPatch.h"; sourceTree = "<group>"; };
		F29254C71C49E11C00D33EBC /* UIView+BbPatch.m */ = {isa = PBXFileReference; fileEncoding = 4; lastKnownFileType = sourcecode.c.objc; path = "UIView+BbPatch.m"; sourceTree = "<group>"; };
		F29254C91C49E11C00D33EBC /* BbConnection+BbObjectChild.m */ = {isa = PBXFileReference; fileEncoding = 4; lastKnownFileType = sourcecode.c.objc; path = "BbConnection+BbObjectChild.m"; sourceTree = "<group>"; };
		F29254CA1C49E11C00D33EBC /* BbConnection.h */ = {isa = PBXFileReference; fileEncoding = 4; lastKnownFileType = sourcecode.c.h; path = BbConnection.h; sourceTree = "<group>"; };
		F29254CB1C49E11C00D33EBC /* BbConnection.m */ = {isa = PBXFileReference; fileEncoding = 4; lastKnownFileType = sourcecode.c.objc; path = BbConnection.m; sourceTree = "<group>"; };
		F29254CC1C49E11C00D33EBC /* BbCore.podspec.json */ = {isa = PBXFileReference; fileEncoding = 4; lastKnownFileType = text.json; path = BbCore.podspec.json; sourceTree = "<group>"; };
		F29255441C49E11C00D33EBC /* BbHelpers.h */ = {isa = PBXFileReference; fileEncoding = 4; lastKnownFileType = sourcecode.c.h; path = BbHelpers.h; sourceTree = "<group>"; };
		F29255451C49E11C00D33EBC /* BbHelpers.m */ = {isa = PBXFileReference; fileEncoding = 4; lastKnownFileType = sourcecode.c.objc; path = BbHelpers.m; sourceTree = "<group>"; };
		F29255461C49E11C00D33EBC /* BbParseText.h */ = {isa = PBXFileReference; fileEncoding = 4; lastKnownFileType = sourcecode.c.h; path = BbParseText.h; sourceTree = "<group>"; };
		F29255471C49E11C00D33EBC /* BbParseText.m */ = {isa = PBXFileReference; fileEncoding = 4; lastKnownFileType = sourcecode.c.objc; path = BbParseText.m; sourceTree = "<group>"; };
		F29255481C49E11C00D33EBC /* BbTextDescription.h */ = {isa = PBXFileReference; fileEncoding = 4; lastKnownFileType = sourcecode.c.h; path = BbTextDescription.h; sourceTree = "<group>"; };
		F29255491C49E11C00D33EBC /* BbTextDescription.m */ = {isa = PBXFileReference; fileEncoding = 4; lastKnownFileType = sourcecode.c.objc; path = BbTextDescription.m; sourceTree = "<group>"; };
		F292554B1C49E11C00D33EBC /* BbAdd.h */ = {isa = PBXFileReference; fileEncoding = 4; lastKnownFileType = sourcecode.c.h; path = BbAdd.h; sourceTree = "<group>"; };
		F292554C1C49E11C00D33EBC /* BbAdd.m */ = {isa = PBXFileReference; fileEncoding = 4; lastKnownFileType = sourcecode.c.objc; path = BbAdd.m; sourceTree = "<group>"; };
		F292554D1C49E11C00D33EBC /* BbBang.h */ = {isa = PBXFileReference; fileEncoding = 4; lastKnownFileType = sourcecode.c.h; path = BbBang.h; sourceTree = "<group>"; };
		F292554E1C49E11C00D33EBC /* BbBang.m */ = {isa = PBXFileReference; fileEncoding = 4; lastKnownFileType = sourcecode.c.objc; path = BbBang.m; sourceTree = "<group>"; };
		F292554F1C49E11C00D33EBC /* BbClass.h */ = {isa = PBXFileReference; fileEncoding = 4; lastKnownFileType = sourcecode.c.h; path = BbClass.h; sourceTree = "<group>"; };
		F29255501C49E11C00D33EBC /* BbClass.m */ = {isa = PBXFileReference; fileEncoding = 4; lastKnownFileType = sourcecode.c.objc; path = BbClass.m; sourceTree = "<group>"; };
		F29255551C49E11C00D33EBC /* BbDivide.h */ = {isa = PBXFileReference; fileEncoding = 4; lastKnownFileType = sourcecode.c.h; path = BbDivide.h; sourceTree = "<group>"; };
		F29255561C49E11C00D33EBC /* BbDivide.m */ = {isa = PBXFileReference; fileEncoding = 4; lastKnownFileType = sourcecode.c.objc; path = BbDivide.m; sourceTree = "<group>"; };
		F29255571C49E11C00D33EBC /* BbInstance.h */ = {isa = PBXFileReference; fileEncoding = 4; lastKnownFileType = sourcecode.c.h; path = BbInstance.h; sourceTree = "<group>"; };
		F29255581C49E11C00D33EBC /* BbInstance.m */ = {isa = PBXFileReference; fileEncoding = 4; lastKnownFileType = sourcecode.c.objc; path = BbInstance.m; sourceTree = "<group>"; };
		F292555B1C49E11C00D33EBC /* BbMethod.h */ = {isa = PBXFileReference; fileEncoding = 4; lastKnownFileType = sourcecode.c.h; path = BbMethod.h; sourceTree = "<group>"; };
		F292555C1C49E11C00D33EBC /* BbMethod.m */ = {isa = PBXFileReference; fileEncoding = 4; lastKnownFileType = sourcecode.c.objc; path = BbMethod.m; sourceTree = "<group>"; };
		F292555D1C49E11C00D33EBC /* BbMultiply.h */ = {isa = PBXFileReference; fileEncoding = 4; lastKnownFileType = sourcecode.c.h; path = BbMultiply.h; sourceTree = "<group>"; };
		F292555E1C49E11C00D33EBC /* BbMultiply.m */ = {isa = PBXFileReference; fileEncoding = 4; lastKnownFileType = sourcecode.c.objc; path = BbMultiply.m; sourceTree = "<group>"; };
		F29255611C49E11C00D33EBC /* BbSubtract.h */ = {isa = PBXFileReference; fileEncoding = 4; lastKnownFileType = sourcecode.c.h; path = BbSubtract.h; sourceTree = "<group>"; };
		F29255621C49E11C00D33EBC /* BbSubtract.m */ = {isa = PBXFileReference; fileEncoding = 4; lastKnownFileType = sourcecode.c.objc; path = BbSubtract.m; sourceTree = "<group>"; };
		F29255641C49E11C00D33EBC /* BbObject+BbObjectViewDataSource.m */ = {isa = PBXFileReference; fileEncoding = 4; lastKnownFileType = sourcecode.c.objc; path = "BbObject+BbObjectViewDataSource.m"; sourceTree = "<group>"; };
		F29255651C49E11C00D33EBC /* BbObject+BbObjectViewDelegate.m */ = {isa = PBXFileReference; fileEncoding = 4; lastKnownFileType = sourcecode.c.objc; path = "BbObject+BbObjectViewDelegate.m"; sourceTree = "<group>"; };
		F29255661C49E11C00D33EBC /* BbObject.h */ = {isa = PBXFileReference; fileEncoding = 4; lastKnownFileType = sourcecode.c.h; path = BbObject.h; sourceTree = "<group>"; };
		F29255671C49E11C00D33EBC /* BbObject.m */ = {isa = PBXFileReference; fileEncoding = 4; lastKnownFileType = sourcecode.c.objc; path = BbObject.m; sourceTree = "<group>"; };
		F29255691C49E11C00D33EBC /* BbPatch+BbObjectParent.m */ = {isa = PBXFileReference; fileEncoding = 4; lastKnownFileType = sourcecode.c.objc; path = "BbPatch+BbObjectParent.m"; sourceTree = "<group>"; };
		F292556A1C49E11C00D33EBC /* BbPatch+BbObjectViewDataSource.m */ = {isa = PBXFileReference; fileEncoding = 4; lastKnownFileType = sourcecode.c.objc; path = "BbPatch+BbObjectViewDataSource.m"; sourceTree = "<group>"; };
		F292556B1C49E11C00D33EBC /* BbPatch+BbObjectViewDelegate.m */ = {isa = PBXFileReference; fileEncoding = 4; lastKnownFileType = sourcecode.c.objc; path = "BbPatch+BbObjectViewDelegate.m"; sourceTree = "<group>"; };
		F292556C1C49E11C00D33EBC /* BbPatch+Meta.m */ = {isa = PBXFileReference; fileEncoding = 4; lastKnownFileType = sourcecode.c.objc; path = "BbPatch+Meta.m"; sourceTree = "<group>"; };
		F292556D1C49E11C00D33EBC /* BbPatch.h */ = {isa = PBXFileReference; fileEncoding = 4; lastKnownFileType = sourcecode.c.h; path = BbPatch.h; sourceTree = "<group>"; };
		F292556E1C49E11C00D33EBC /* BbPatch.m */ = {isa = PBXFileReference; fileEncoding = 4; lastKnownFileType = sourcecode.c.objc; path = BbPatch.m; sourceTree = "<group>"; };
		F29255701C49E11C00D33EBC /* BbPatchGestureRecognizer.h */ = {isa = PBXFileReference; fileEncoding = 4; lastKnownFileType = sourcecode.c.h; path = BbPatchGestureRecognizer.h; sourceTree = "<group>"; };
		F29255711C49E11C00D33EBC /* BbPatchGestureRecognizer.m */ = {isa = PBXFileReference; fileEncoding = 4; lastKnownFileType = sourcecode.c.objc; path = BbPatchGestureRecognizer.m; sourceTree = "<group>"; };
		F29255721C49E11C00D33EBC /* BbPatchView+BbObjectView.m */ = {isa = PBXFileReference; fileEncoding = 4; lastKnownFileType = sourcecode.c.objc; path = "BbPatchView+BbObjectView.m"; sourceTree = "<group>"; };
		F29255731C49E11C00D33EBC /* BbPatchView+Gestures.m */ = {isa = PBXFileReference; fileEncoding = 4; lastKnownFileType = sourcecode.c.objc; path = "BbPatchView+Gestures.m"; sourceTree = "<group>"; };
		F29255741C49E11C00D33EBC /* BbPatchView.h */ = {isa = PBXFileReference; fileEncoding = 4; lastKnownFileType = sourcecode.c.h; path = BbPatchView.h; sourceTree = "<group>"; };
		F29255751C49E11C00D33EBC /* BbPatchView.m */ = {isa = PBXFileReference; fileEncoding = 4; lastKnownFileType = sourcecode.c.objc; path = BbPatchView.m; sourceTree = "<group>"; };
		F29255761C49E11C00D33EBC /* BbPatchViewContainer.h */ = {isa = PBXFileReference; fileEncoding = 4; lastKnownFileType = sourcecode.c.h; path = BbPatchViewContainer.h; sourceTree = "<group>"; };
		F29255771C49E11C00D33EBC /* BbPatchViewContainer.m */ = {isa = PBXFileReference; fileEncoding = 4; lastKnownFileType = sourcecode.c.objc; path = BbPatchViewContainer.m; sourceTree = "<group>"; };
		F29255781C49E11C00D33EBC /* BbPatchViewController.h */ = {isa = PBXFileReference; fileEncoding = 4; lastKnownFileType = sourcecode.c.h; path = BbPatchViewController.h; sourceTree = "<group>"; };
		F29255791C49E11C00D33EBC /* BbPatchViewController.m */ = {isa = PBXFileReference; fileEncoding = 4; lastKnownFileType = sourcecode.c.objc; path = BbPatchViewController.m; sourceTree = "<group>"; };
		F292557A1C49E11C00D33EBC /* BbScrollView.h */ = {isa = PBXFileReference; fileEncoding = 4; lastKnownFileType = sourcecode.c.h; path = BbScrollView.h; sourceTree = "<group>"; };
		F292557B1C49E11C00D33EBC /* BbScrollView.m */ = {isa = PBXFileReference; fileEncoding = 4; lastKnownFileType = sourcecode.c.objc; path = BbScrollView.m; sourceTree = "<group>"; };
		F292557D1C49E11C00D33EBC /* BbInlet.h */ = {isa = PBXFileReference; fileEncoding = 4; lastKnownFileType = sourcecode.c.h; path = BbInlet.h; sourceTree = "<group>"; };
		F292557E1C49E11C00D33EBC /* BbInlet.m */ = {isa = PBXFileReference; fileEncoding = 4; lastKnownFileType = sourcecode.c.objc; path = BbInlet.m; sourceTree = "<group>"; };
		F292557F1C49E11C00D33EBC /* BbOutlet.h */ = {isa = PBXFileReference; fileEncoding = 4; lastKnownFileType = sourcecode.c.h; path = BbOutlet.h; sourceTree = "<group>"; };
		F29255801C49E11C00D33EBC /* BbOutlet.m */ = {isa = PBXFileReference; fileEncoding = 4; lastKnownFileType = sourcecode.c.objc; path = BbOutlet.m; sourceTree = "<group>"; };
		F29255811C49E11C00D33EBC /* BbPort+BbObjectChild.m */ = {isa = PBXFileReference; fileEncoding = 4; lastKnownFileType = sourcecode.c.objc; path = "BbPort+BbObjectChild.m"; sourceTree = "<group>"; };
		F29255821C49E11C00D33EBC /* BbPort+BbObjectViewDataSource.m */ = {isa = PBXFileReference; fileEncoding = 4; lastKnownFileType = sourcecode.c.objc; path = "BbPort+BbObjectViewDataSource.m"; sourceTree = "<group>"; };
		F29255831C49E11C00D33EBC /* BbPort+Meta.m */ = {isa = PBXFileReference; fileEncoding = 4; lastKnownFileType = sourcecode.c.objc; path = "BbPort+Meta.m"; sourceTree = "<group>"; };
		F29255841C49E11C00D33EBC /* BbPort.h */ = {isa = PBXFileReference; fileEncoding = 4; lastKnownFileType = sourcecode.c.h; path = BbPort.h; sourceTree = "<group>"; };
		F29255851C49E11C00D33EBC /* BbPort.m */ = {isa = PBXFileReference; fileEncoding = 4; lastKnownFileType = sourcecode.c.objc; path = BbPort.m; sourceTree = "<group>"; };
		F29255871C49E11C00D33EBC /* BbPortView.h */ = {isa = PBXFileReference; fileEncoding = 4; lastKnownFileType = sourcecode.c.h; path = BbPortView.h; sourceTree = "<group>"; };
		F29255881C49E11C00D33EBC /* BbPortView.m */ = {isa = PBXFileReference; fileEncoding = 4; lastKnownFileType = sourcecode.c.objc; path = BbPortView.m; sourceTree = "<group>"; };
		F29255891C49E11C00D33EBC /* BbView+BbObjectView.m */ = {isa = PBXFileReference; fileEncoding = 4; lastKnownFileType = sourcecode.c.objc; path = "BbView+BbObjectView.m"; sourceTree = "<group>"; };
		F292558A1C49E11C00D33EBC /* BbView.h */ = {isa = PBXFileReference; fileEncoding = 4; lastKnownFileType = sourcecode.c.h; path = BbView.h; sourceTree = "<group>"; };
		F292558B1C49E11C00D33EBC /* BbView.m */ = {isa = PBXFileReference; fileEncoding = 4; lastKnownFileType = sourcecode.c.objc; path = BbView.m; sourceTree = "<group>"; };
		F292558D1C49E11C00D33EBC /* Bb.h */ = {isa = PBXFileReference; fileEncoding = 4; lastKnownFileType = sourcecode.c.h; path = Bb.h; sourceTree = "<group>"; };
		F292558E1C49E11C00D33EBC /* BbBridge.h */ = {isa = PBXFileReference; fileEncoding = 4; lastKnownFileType = sourcecode.c.h; path = BbBridge.h; sourceTree = "<group>"; };
		F292558F1C49E11C00D33EBC /* BbObjectChild.h */ = {isa = PBXFileReference; fileEncoding = 4; lastKnownFileType = sourcecode.c.h; path = BbObjectChild.h; sourceTree = "<group>"; };
		F29255901C49E11C00D33EBC /* BbObjectParent.h */ = {isa = PBXFileReference; fileEncoding = 4; lastKnownFileType = sourcecode.c.h; path = BbObjectParent.h; sourceTree = "<group>"; };
		F29255911C49E11C00D33EBC /* BbObjectView.h */ = {isa = PBXFileReference; fileEncoding = 4; lastKnownFileType = sourcecode.c.h; path = BbObjectView.h; sourceTree = "<group>"; };
		F29255F81C49E39700D33EBC /* BbTrigger.h */ = {isa = PBXFileReference; fileEncoding = 4; lastKnownFileType = sourcecode.c.h; path = BbTrigger.h; sourceTree = "<group>"; };
		F29255F91C49E39700D33EBC /* BbTrigger.m */ = {isa = PBXFileReference; fileEncoding = 4; lastKnownFileType = sourcecode.c.objc; path = BbTrigger.m; sourceTree = "<group>"; };
		F2A2A8651C487084009086C8 /* TestPatchDescription 3A.txt */ = {isa = PBXFileReference; fileEncoding = 4; lastKnownFileType = text; path = "TestPatchDescription 3A.txt"; sourceTree = "<group>"; };
		F2E29F881C4858DB009528E7 /* BbCoreProject.app */ = {isa = PBXFileReference; explicitFileType = wrapper.application; includeInIndex = 0; path = BbCoreProject.app; sourceTree = BUILT_PRODUCTS_DIR; };
		F2E29F8C1C4858DB009528E7 /* main.m */ = {isa = PBXFileReference; lastKnownFileType = sourcecode.c.objc; path = main.m; sourceTree = "<group>"; };
		F2E29F8E1C4858DB009528E7 /* AppDelegate.h */ = {isa = PBXFileReference; lastKnownFileType = sourcecode.c.h; path = AppDelegate.h; sourceTree = "<group>"; };
		F2E29F8F1C4858DB009528E7 /* AppDelegate.m */ = {isa = PBXFileReference; lastKnownFileType = sourcecode.c.objc; path = AppDelegate.m; sourceTree = "<group>"; };
		F2E29F911C4858DB009528E7 /* ViewController.h */ = {isa = PBXFileReference; lastKnownFileType = sourcecode.c.h; path = ViewController.h; sourceTree = "<group>"; };
		F2E29F921C4858DB009528E7 /* ViewController.m */ = {isa = PBXFileReference; lastKnownFileType = sourcecode.c.objc; path = ViewController.m; sourceTree = "<group>"; };
		F2E29F951C4858DB009528E7 /* Base */ = {isa = PBXFileReference; lastKnownFileType = file.storyboard; name = Base; path = Base.lproj/Main.storyboard; sourceTree = "<group>"; };
		F2E29F971C4858DB009528E7 /* Assets.xcassets */ = {isa = PBXFileReference; lastKnownFileType = folder.assetcatalog; path = Assets.xcassets; sourceTree = "<group>"; };
		F2E29F9A1C4858DB009528E7 /* Base */ = {isa = PBXFileReference; lastKnownFileType = file.storyboard; name = Base; path = Base.lproj/LaunchScreen.storyboard; sourceTree = "<group>"; };
		F2E29F9C1C4858DB009528E7 /* Info.plist */ = {isa = PBXFileReference; lastKnownFileType = text.plist.xml; path = Info.plist; sourceTree = "<group>"; };
		F2E29FA11C4858DB009528E7 /* BbCoreProjectTests.xctest */ = {isa = PBXFileReference; explicitFileType = wrapper.cfbundle; includeInIndex = 0; path = BbCoreProjectTests.xctest; sourceTree = BUILT_PRODUCTS_DIR; };
		F2E29FA51C4858DB009528E7 /* BbCoreProjectTests.m */ = {isa = PBXFileReference; lastKnownFileType = sourcecode.c.objc; path = BbCoreProjectTests.m; sourceTree = "<group>"; };
		F2E29FA71C4858DB009528E7 /* Info.plist */ = {isa = PBXFileReference; lastKnownFileType = text.plist.xml; path = Info.plist; sourceTree = "<group>"; };
		F2E29FAC1C4858DB009528E7 /* BbCoreProjectUITests.xctest */ = {isa = PBXFileReference; explicitFileType = wrapper.cfbundle; includeInIndex = 0; path = BbCoreProjectUITests.xctest; sourceTree = BUILT_PRODUCTS_DIR; };
		F2E29FB01C4858DB009528E7 /* BbCoreProjectUITests.m */ = {isa = PBXFileReference; lastKnownFileType = sourcecode.c.objc; path = BbCoreProjectUITests.m; sourceTree = "<group>"; };
		F2E29FB21C4858DB009528E7 /* Info.plist */ = {isa = PBXFileReference; lastKnownFileType = text.plist.xml; path = Info.plist; sourceTree = "<group>"; };
/* End PBXFileReference section */

/* Begin PBXFrameworksBuildPhase section */
		F2E29F851C4858DB009528E7 /* Frameworks */ = {
			isa = PBXFrameworksBuildPhase;
			buildActionMask = 2147483647;
			files = (
				7195474D1CEAF67473ABA280 /* libPods-BbCoreProject.a in Frameworks */,
			);
			runOnlyForDeploymentPostprocessing = 0;
		};
		F2E29F9E1C4858DB009528E7 /* Frameworks */ = {
			isa = PBXFrameworksBuildPhase;
			buildActionMask = 2147483647;
			files = (
			);
			runOnlyForDeploymentPostprocessing = 0;
		};
		F2E29FA91C4858DB009528E7 /* Frameworks */ = {
			isa = PBXFrameworksBuildPhase;
			buildActionMask = 2147483647;
			files = (
			);
			runOnlyForDeploymentPostprocessing = 0;
		};
/* End PBXFrameworksBuildPhase section */

/* Begin PBXGroup section */
		92A53D49D08E5A5F5E0BD0DF /* Pods */ = {
			isa = PBXGroup;
			children = (
				DA21775E8F4EC89D7FAD2808 /* Pods-BbCoreProject.debug.xcconfig */,
				A2402CAD59E578EC1C8965EB /* Pods-BbCoreProject.release.xcconfig */,
			);
			name = Pods;
			sourceTree = "<group>";
		};
		AA40C981DB64B157749FFB9D /* Frameworks */ = {
			isa = PBXGroup;
			children = (
				CD5E800C09A514C3F03C5127 /* libPods-BbCoreProject.a */,
			);
			name = Frameworks;
			sourceTree = "<group>";
		};
		F29254C21C49E11C00D33EBC /* BbCore */ = {
			isa = PBXGroup;
			children = (
				F29254C31C49E11C00D33EBC /* BbCategories */,
				F29254C81C49E11C00D33EBC /* BbConnection */,
				F29254CC1C49E11C00D33EBC /* BbCore.podspec.json */,
				F29255431C49E11C00D33EBC /* BbGlue */,
				F292554A1C49E11C00D33EBC /* BbLibrary */,
				F29255631C49E11C00D33EBC /* BbObject */,
				F29255681C49E11C00D33EBC /* BbPatch */,
				F292556F1C49E11C00D33EBC /* BbPatchView */,
				F292557C1C49E11C00D33EBC /* BbPorts */,
				F29255861C49E11C00D33EBC /* BbView */,
				F292558C1C49E11C00D33EBC /* Headers */,
			);
			name = BbCore;
			path = ..;
			sourceTree = "<group>";
		};
		F29254C31C49E11C00D33EBC /* BbCategories */ = {
			isa = PBXGroup;
			children = (
				F29254C41C49E11C00D33EBC /* NSMutableArray+Stack.h */,
				F29254C51C49E11C00D33EBC /* NSMutableArray+Stack.m */,
				F29254C61C49E11C00D33EBC /* UIView+BbPatch.h */,
				F29254C71C49E11C00D33EBC /* UIView+BbPatch.m */,
			);
			path = BbCategories;
			sourceTree = "<group>";
		};
		F29254C81C49E11C00D33EBC /* BbConnection */ = {
			isa = PBXGroup;
			children = (
				F29254C91C49E11C00D33EBC /* BbConnection+BbObjectChild.m */,
				F29254CA1C49E11C00D33EBC /* BbConnection.h */,
				F29254CB1C49E11C00D33EBC /* BbConnection.m */,
			);
			path = BbConnection;
			sourceTree = "<group>";
		};
		F29255431C49E11C00D33EBC /* BbGlue */ = {
			isa = PBXGroup;
			children = (
				F29255441C49E11C00D33EBC /* BbHelpers.h */,
				F29255451C49E11C00D33EBC /* BbHelpers.m */,
				F29255461C49E11C00D33EBC /* BbParseText.h */,
				F29255471C49E11C00D33EBC /* BbParseText.m */,
				F29255481C49E11C00D33EBC /* BbTextDescription.h */,
				F29255491C49E11C00D33EBC /* BbTextDescription.m */,
			);
			path = BbGlue;
			sourceTree = "<group>";
		};
		F292554A1C49E11C00D33EBC /* BbLibrary */ = {
			isa = PBXGroup;
			children = (
				F292554B1C49E11C00D33EBC /* BbAdd.h */,
				F292554C1C49E11C00D33EBC /* BbAdd.m */,
				F292554D1C49E11C00D33EBC /* BbBang.h */,
				F292554E1C49E11C00D33EBC /* BbBang.m */,
				F292554F1C49E11C00D33EBC /* BbClass.h */,
				F29255501C49E11C00D33EBC /* BbClass.m */,
				F29255551C49E11C00D33EBC /* BbDivide.h */,
				F29255561C49E11C00D33EBC /* BbDivide.m */,
				F29255571C49E11C00D33EBC /* BbInstance.h */,
				F29255581C49E11C00D33EBC /* BbInstance.m */,
				F292555B1C49E11C00D33EBC /* BbMethod.h */,
				F292555C1C49E11C00D33EBC /* BbMethod.m */,
				F292555D1C49E11C00D33EBC /* BbMultiply.h */,
				F292555E1C49E11C00D33EBC /* BbMultiply.m */,
				F29255611C49E11C00D33EBC /* BbSubtract.h */,
				F29255621C49E11C00D33EBC /* BbSubtract.m */,
				F29255F81C49E39700D33EBC /* BbTrigger.h */,
				F29255F91C49E39700D33EBC /* BbTrigger.m */,
			);
			path = BbLibrary;
			sourceTree = "<group>";
		};
		F29255631C49E11C00D33EBC /* BbObject */ = {
			isa = PBXGroup;
			children = (
				F29255641C49E11C00D33EBC /* BbObject+BbObjectViewDataSource.m */,
				F29255651C49E11C00D33EBC /* BbObject+BbObjectViewDelegate.m */,
				F29255661C49E11C00D33EBC /* BbObject.h */,
				F29255671C49E11C00D33EBC /* BbObject.m */,
			);
			path = BbObject;
			sourceTree = "<group>";
		};
		F29255681C49E11C00D33EBC /* BbPatch */ = {
			isa = PBXGroup;
			children = (
				F29255691C49E11C00D33EBC /* BbPatch+BbObjectParent.m */,
				F292556A1C49E11C00D33EBC /* BbPatch+BbObjectViewDataSource.m */,
				F292556B1C49E11C00D33EBC /* BbPatch+BbObjectViewDelegate.m */,
				F292556C1C49E11C00D33EBC /* BbPatch+Meta.m */,
				F292556D1C49E11C00D33EBC /* BbPatch.h */,
				F292556E1C49E11C00D33EBC /* BbPatch.m */,
			);
			path = BbPatch;
			sourceTree = "<group>";
		};
		F292556F1C49E11C00D33EBC /* BbPatchView */ = {
			isa = PBXGroup;
			children = (
				F29255701C49E11C00D33EBC /* BbPatchGestureRecognizer.h */,
				F29255711C49E11C00D33EBC /* BbPatchGestureRecognizer.m */,
				F29255721C49E11C00D33EBC /* BbPatchView+BbObjectView.m */,
				F29255731C49E11C00D33EBC /* BbPatchView+Gestures.m */,
				F29255741C49E11C00D33EBC /* BbPatchView.h */,
				F29255751C49E11C00D33EBC /* BbPatchView.m */,
				F29255761C49E11C00D33EBC /* BbPatchViewContainer.h */,
				F29255771C49E11C00D33EBC /* BbPatchViewContainer.m */,
				F29255781C49E11C00D33EBC /* BbPatchViewController.h */,
				F29255791C49E11C00D33EBC /* BbPatchViewController.m */,
				F292557A1C49E11C00D33EBC /* BbScrollView.h */,
				F292557B1C49E11C00D33EBC /* BbScrollView.m */,
			);
			path = BbPatchView;
			sourceTree = "<group>";
		};
		F292557C1C49E11C00D33EBC /* BbPorts */ = {
			isa = PBXGroup;
			children = (
				F292557D1C49E11C00D33EBC /* BbInlet.h */,
				F292557E1C49E11C00D33EBC /* BbInlet.m */,
				F292557F1C49E11C00D33EBC /* BbOutlet.h */,
				F29255801C49E11C00D33EBC /* BbOutlet.m */,
				F29255811C49E11C00D33EBC /* BbPort+BbObjectChild.m */,
				F29255821C49E11C00D33EBC /* BbPort+BbObjectViewDataSource.m */,
				F29255831C49E11C00D33EBC /* BbPort+Meta.m */,
				F29255841C49E11C00D33EBC /* BbPort.h */,
				F29255851C49E11C00D33EBC /* BbPort.m */,
			);
			path = BbPorts;
			sourceTree = "<group>";
		};
		F29255861C49E11C00D33EBC /* BbView */ = {
			isa = PBXGroup;
			children = (
				F29255871C49E11C00D33EBC /* BbPortView.h */,
				F29255881C49E11C00D33EBC /* BbPortView.m */,
				F29255891C49E11C00D33EBC /* BbView+BbObjectView.m */,
				F292558A1C49E11C00D33EBC /* BbView.h */,
				F292558B1C49E11C00D33EBC /* BbView.m */,
			);
			path = BbView;
			sourceTree = "<group>";
		};
		F292558C1C49E11C00D33EBC /* Headers */ = {
			isa = PBXGroup;
			children = (
				F292558D1C49E11C00D33EBC /* Bb.h */,
				F292558E1C49E11C00D33EBC /* BbBridge.h */,
				F292558F1C49E11C00D33EBC /* BbObjectChild.h */,
				F29255901C49E11C00D33EBC /* BbObjectParent.h */,
				F29255911C49E11C00D33EBC /* BbObjectView.h */,
			);
			path = Headers;
			sourceTree = "<group>";
		};
		F2E29F7F1C4858DB009528E7 = {
			isa = PBXGroup;
			children = (
				F29254C21C49E11C00D33EBC /* BbCore */,
				F2E29F8A1C4858DB009528E7 /* BbCoreProject */,
				F2E29FA41C4858DB009528E7 /* BbCoreProjectTests */,
				F2E29FAF1C4858DB009528E7 /* BbCoreProjectUITests */,
				F2E29F891C4858DB009528E7 /* Products */,
				92A53D49D08E5A5F5E0BD0DF /* Pods */,
				AA40C981DB64B157749FFB9D /* Frameworks */,
			);
			sourceTree = "<group>";
		};
		F2E29F891C4858DB009528E7 /* Products */ = {
			isa = PBXGroup;
			children = (
				F2E29F881C4858DB009528E7 /* BbCoreProject.app */,
				F2E29FA11C4858DB009528E7 /* BbCoreProjectTests.xctest */,
				F2E29FAC1C4858DB009528E7 /* BbCoreProjectUITests.xctest */,
			);
			name = Products;
			sourceTree = "<group>";
		};
		F2E29F8A1C4858DB009528E7 /* BbCoreProject */ = {
			isa = PBXGroup;
			children = (
				F2E29F8E1C4858DB009528E7 /* AppDelegate.h */,
				F2E29F8F1C4858DB009528E7 /* AppDelegate.m */,
				F2E29F911C4858DB009528E7 /* ViewController.h */,
				F2E29F921C4858DB009528E7 /* ViewController.m */,
				F2A2A8651C487084009086C8 /* TestPatchDescription 3A.txt */,
				F2E29F941C4858DB009528E7 /* Main.storyboard */,
				F2E29F971C4858DB009528E7 /* Assets.xcassets */,
				F2E29F991C4858DB009528E7 /* LaunchScreen.storyboard */,
				F2E29F9C1C4858DB009528E7 /* Info.plist */,
				F2E29F8B1C4858DB009528E7 /* Supporting Files */,
			);
			path = BbCoreProject;
			sourceTree = "<group>";
		};
		F2E29F8B1C4858DB009528E7 /* Supporting Files */ = {
			isa = PBXGroup;
			children = (
				F2E29F8C1C4858DB009528E7 /* main.m */,
			);
			name = "Supporting Files";
			sourceTree = "<group>";
		};
		F2E29FA41C4858DB009528E7 /* BbCoreProjectTests */ = {
			isa = PBXGroup;
			children = (
				F2E29FA51C4858DB009528E7 /* BbCoreProjectTests.m */,
				F2E29FA71C4858DB009528E7 /* Info.plist */,
			);
			path = BbCoreProjectTests;
			sourceTree = "<group>";
		};
		F2E29FAF1C4858DB009528E7 /* BbCoreProjectUITests */ = {
			isa = PBXGroup;
			children = (
				F2E29FB01C4858DB009528E7 /* BbCoreProjectUITests.m */,
				F2E29FB21C4858DB009528E7 /* Info.plist */,
			);
			path = BbCoreProjectUITests;
			sourceTree = "<group>";
		};
/* End PBXGroup section */

/* Begin PBXNativeTarget section */
		F2E29F871C4858DB009528E7 /* BbCoreProject */ = {
			isa = PBXNativeTarget;
			buildConfigurationList = F2E29FB51C4858DB009528E7 /* Build configuration list for PBXNativeTarget "BbCoreProject" */;
			buildPhases = (
				342C7B9E66B7C362C9ADD53D /* Check Pods Manifest.lock */,
				F2E29F841C4858DB009528E7 /* Sources */,
				F2E29F851C4858DB009528E7 /* Frameworks */,
				F2E29F861C4858DB009528E7 /* Resources */,
				6F1063E57539E88AEA315D71 /* Embed Pods Frameworks */,
				D99EA8BBC7F02659E528D18D /* Copy Pods Resources */,
			);
			buildRules = (
			);
			dependencies = (
			);
			name = BbCoreProject;
			productName = BbCoreProject;
			productReference = F2E29F881C4858DB009528E7 /* BbCoreProject.app */;
			productType = "com.apple.product-type.application";
		};
		F2E29FA01C4858DB009528E7 /* BbCoreProjectTests */ = {
			isa = PBXNativeTarget;
			buildConfigurationList = F2E29FB81C4858DB009528E7 /* Build configuration list for PBXNativeTarget "BbCoreProjectTests" */;
			buildPhases = (
				F2E29F9D1C4858DB009528E7 /* Sources */,
				F2E29F9E1C4858DB009528E7 /* Frameworks */,
				F2E29F9F1C4858DB009528E7 /* Resources */,
			);
			buildRules = (
			);
			dependencies = (
				F2E29FA31C4858DB009528E7 /* PBXTargetDependency */,
			);
			name = BbCoreProjectTests;
			productName = BbCoreProjectTests;
			productReference = F2E29FA11C4858DB009528E7 /* BbCoreProjectTests.xctest */;
			productType = "com.apple.product-type.bundle.unit-test";
		};
		F2E29FAB1C4858DB009528E7 /* BbCoreProjectUITests */ = {
			isa = PBXNativeTarget;
			buildConfigurationList = F2E29FBB1C4858DB009528E7 /* Build configuration list for PBXNativeTarget "BbCoreProjectUITests" */;
			buildPhases = (
				F2E29FA81C4858DB009528E7 /* Sources */,
				F2E29FA91C4858DB009528E7 /* Frameworks */,
				F2E29FAA1C4858DB009528E7 /* Resources */,
			);
			buildRules = (
			);
			dependencies = (
				F2E29FAE1C4858DB009528E7 /* PBXTargetDependency */,
			);
			name = BbCoreProjectUITests;
			productName = BbCoreProjectUITests;
			productReference = F2E29FAC1C4858DB009528E7 /* BbCoreProjectUITests.xctest */;
			productType = "com.apple.product-type.bundle.ui-testing";
		};
/* End PBXNativeTarget section */

/* Begin PBXProject section */
		F2E29F801C4858DB009528E7 /* Project object */ = {
			isa = PBXProject;
			attributes = {
				LastUpgradeCheck = 0720;
				ORGANIZATIONNAME = birdSound;
				TargetAttributes = {
					F2E29F871C4858DB009528E7 = {
						CreatedOnToolsVersion = 7.2;
					};
					F2E29FA01C4858DB009528E7 = {
						CreatedOnToolsVersion = 7.2;
						TestTargetID = F2E29F871C4858DB009528E7;
					};
					F2E29FAB1C4858DB009528E7 = {
						CreatedOnToolsVersion = 7.2;
						TestTargetID = F2E29F871C4858DB009528E7;
					};
				};
			};
			buildConfigurationList = F2E29F831C4858DB009528E7 /* Build configuration list for PBXProject "BbCoreProject" */;
			compatibilityVersion = "Xcode 3.2";
			developmentRegion = English;
			hasScannedForEncodings = 0;
			knownRegions = (
				en,
				Base,
			);
			mainGroup = F2E29F7F1C4858DB009528E7;
			productRefGroup = F2E29F891C4858DB009528E7 /* Products */;
			projectDirPath = "";
			projectRoot = "";
			targets = (
				F2E29F871C4858DB009528E7 /* BbCoreProject */,
				F2E29FA01C4858DB009528E7 /* BbCoreProjectTests */,
				F2E29FAB1C4858DB009528E7 /* BbCoreProjectUITests */,
			);
		};
/* End PBXProject section */

/* Begin PBXResourcesBuildPhase section */
		F2E29F861C4858DB009528E7 /* Resources */ = {
			isa = PBXResourcesBuildPhase;
			buildActionMask = 2147483647;
			files = (
				F2A2A8661C487084009086C8 /* TestPatchDescription 3A.txt in Resources */,
				F2E29F9B1C4858DB009528E7 /* LaunchScreen.storyboard in Resources */,
				F2E29F981C4858DB009528E7 /* Assets.xcassets in Resources */,
				F29255961C49E11C00D33EBC /* BbCore.podspec.json in Resources */,
				F2E29F961C4858DB009528E7 /* Main.storyboard in Resources */,
			);
			runOnlyForDeploymentPostprocessing = 0;
		};
		F2E29F9F1C4858DB009528E7 /* Resources */ = {
			isa = PBXResourcesBuildPhase;
			buildActionMask = 2147483647;
			files = (
			);
			runOnlyForDeploymentPostprocessing = 0;
		};
		F2E29FAA1C4858DB009528E7 /* Resources */ = {
			isa = PBXResourcesBuildPhase;
			buildActionMask = 2147483647;
			files = (
			);
			runOnlyForDeploymentPostprocessing = 0;
		};
/* End PBXResourcesBuildPhase section */

/* Begin PBXShellScriptBuildPhase section */
		342C7B9E66B7C362C9ADD53D /* Check Pods Manifest.lock */ = {
			isa = PBXShellScriptBuildPhase;
			buildActionMask = 2147483647;
			files = (
			);
			inputPaths = (
			);
			name = "Check Pods Manifest.lock";
			outputPaths = (
			);
			runOnlyForDeploymentPostprocessing = 0;
			shellPath = /bin/sh;
			shellScript = "diff \"${PODS_ROOT}/../Podfile.lock\" \"${PODS_ROOT}/Manifest.lock\" > /dev/null\nif [[ $? != 0 ]] ; then\n    cat << EOM\nerror: The sandbox is not in sync with the Podfile.lock. Run 'pod install' or update your CocoaPods installation.\nEOM\n    exit 1\nfi\n";
			showEnvVarsInLog = 0;
		};
		6F1063E57539E88AEA315D71 /* Embed Pods Frameworks */ = {
			isa = PBXShellScriptBuildPhase;
			buildActionMask = 2147483647;
			files = (
			);
			inputPaths = (
			);
			name = "Embed Pods Frameworks";
			outputPaths = (
			);
			runOnlyForDeploymentPostprocessing = 0;
			shellPath = /bin/sh;
			shellScript = "\"${SRCROOT}/Pods/Target Support Files/Pods-BbCoreProject/Pods-BbCoreProject-frameworks.sh\"\n";
			showEnvVarsInLog = 0;
		};
		D99EA8BBC7F02659E528D18D /* Copy Pods Resources */ = {
			isa = PBXShellScriptBuildPhase;
			buildActionMask = 2147483647;
			files = (
			);
			inputPaths = (
			);
			name = "Copy Pods Resources";
			outputPaths = (
			);
			runOnlyForDeploymentPostprocessing = 0;
			shellPath = /bin/sh;
			shellScript = "\"${SRCROOT}/Pods/Target Support Files/Pods-BbCoreProject/Pods-BbCoreProject-resources.sh\"\n";
			showEnvVarsInLog = 0;
		};
/* End PBXShellScriptBuildPhase section */

/* Begin PBXSourcesBuildPhase section */
		F2E29F841C4858DB009528E7 /* Sources */ = {
			isa = PBXSourcesBuildPhase;
			buildActionMask = 2147483647;
			files = (
				F29255EE1C49E11C00D33EBC /* BbView.m in Sources */,
				F29255D71C49E11C00D33EBC /* BbObject+BbObjectViewDataSource.m in Sources */,
				F29255D01C49E11C00D33EBC /* BbDivide.m in Sources */,
				F29255D41C49E11C00D33EBC /* BbMultiply.m in Sources */,
				F29255931C49E11C00D33EBC /* UIView+BbPatch.m in Sources */,
				F29255ED1C49E11C00D33EBC /* BbView+BbObjectView.m in Sources */,
				F29255DF1C49E11C00D33EBC /* BbPatchGestureRecognizer.m in Sources */,
				F29255CC1C49E11C00D33EBC /* BbBang.m in Sources */,
				F29255D31C49E11C00D33EBC /* BbMethod.m in Sources */,
				F29255FA1C49E39700D33EBC /* BbTrigger.m in Sources */,
				F29255921C49E11C00D33EBC /* NSMutableArray+Stack.m in Sources */,
				F29255CB1C49E11C00D33EBC /* BbAdd.m in Sources */,
				F29255E31C49E11C00D33EBC /* BbPatchViewContainer.m in Sources */,
				F29255DC1C49E11C00D33EBC /* BbPatch+BbObjectViewDelegate.m in Sources */,
				F2E29F931C4858DB009528E7 /* ViewController.m in Sources */,
				F29255DE1C49E11C00D33EBC /* BbPatch.m in Sources */,
				F29255E51C49E11C00D33EBC /* BbScrollView.m in Sources */,
				F29255EA1C49E11C00D33EBC /* BbPort+Meta.m in Sources */,
				F29255EB1C49E11C00D33EBC /* BbPort.m in Sources */,
				F29255DD1C49E11C00D33EBC /* BbPatch+Meta.m in Sources */,
				F29255E81C49E11C00D33EBC /* BbPort+BbObjectChild.m in Sources */,
				F29255C91C49E11C00D33EBC /* BbParseText.m in Sources */,
				F29255E91C49E11C00D33EBC /* BbPort+BbObjectViewDataSource.m in Sources */,
				F29255D81C49E11C00D33EBC /* BbObject+BbObjectViewDelegate.m in Sources */,
				F29255951C49E11C00D33EBC /* BbConnection.m in Sources */,
				F29255DB1C49E11C00D33EBC /* BbPatch+BbObjectViewDataSource.m in Sources */,
				F29255E21C49E11C00D33EBC /* BbPatchView.m in Sources */,
				F29255E71C49E11C00D33EBC /* BbOutlet.m in Sources */,
				F29255E01C49E11C00D33EBC /* BbPatchView+BbObjectView.m in Sources */,
				F29255C81C49E11C00D33EBC /* BbHelpers.m in Sources */,
				F2E29F901C4858DB009528E7 /* AppDelegate.m in Sources */,
				F29255CA1C49E11C00D33EBC /* BbTextDescription.m in Sources */,
				F29255D11C49E11C00D33EBC /* BbInstance.m in Sources */,
				F29255D61C49E11C00D33EBC /* BbSubtract.m in Sources */,
				F29255DA1C49E11C00D33EBC /* BbPatch+BbObjectParent.m in Sources */,
				F29255E61C49E11C00D33EBC /* BbInlet.m in Sources */,
				F2E29F8D1C4858DB009528E7 /* main.m in Sources */,
				F29255D91C49E11C00D33EBC /* BbObject.m in Sources */,
				F29255941C49E11C00D33EBC /* BbConnection+BbObjectChild.m in Sources */,
				F29255E11C49E11C00D33EBC /* BbPatchView+Gestures.m in Sources */,
				F29255E41C49E11C00D33EBC /* BbPatchViewController.m in Sources */,
				F29255CD1C49E11C00D33EBC /* BbClass.m in Sources */,
				F29255EC1C49E11C00D33EBC /* BbPortView.m in Sources */,
			);
			runOnlyForDeploymentPostprocessing = 0;
		};
		F2E29F9D1C4858DB009528E7 /* Sources */ = {
			isa = PBXSourcesBuildPhase;
			buildActionMask = 2147483647;
			files = (
				F2E29FA61C4858DB009528E7 /* BbCoreProjectTests.m in Sources */,
			);
			runOnlyForDeploymentPostprocessing = 0;
		};
		F2E29FA81C4858DB009528E7 /* Sources */ = {
			isa = PBXSourcesBuildPhase;
			buildActionMask = 2147483647;
			files = (
				F2E29FB11C4858DB009528E7 /* BbCoreProjectUITests.m in Sources */,
			);
			runOnlyForDeploymentPostprocessing = 0;
		};
/* End PBXSourcesBuildPhase section */

/* Begin PBXTargetDependency section */
		F2E29FA31C4858DB009528E7 /* PBXTargetDependency */ = {
			isa = PBXTargetDependency;
			target = F2E29F871C4858DB009528E7 /* BbCoreProject */;
			targetProxy = F2E29FA21C4858DB009528E7 /* PBXContainerItemProxy */;
		};
		F2E29FAE1C4858DB009528E7 /* PBXTargetDependency */ = {
			isa = PBXTargetDependency;
			target = F2E29F871C4858DB009528E7 /* BbCoreProject */;
			targetProxy = F2E29FAD1C4858DB009528E7 /* PBXContainerItemProxy */;
		};
/* End PBXTargetDependency section */

/* Begin PBXVariantGroup section */
		F2E29F941C4858DB009528E7 /* Main.storyboard */ = {
			isa = PBXVariantGroup;
			children = (
				F2E29F951C4858DB009528E7 /* Base */,
			);
			name = Main.storyboard;
			sourceTree = "<group>";
		};
		F2E29F991C4858DB009528E7 /* LaunchScreen.storyboard */ = {
			isa = PBXVariantGroup;
			children = (
				F2E29F9A1C4858DB009528E7 /* Base */,
			);
			name = LaunchScreen.storyboard;
			sourceTree = "<group>";
		};
/* End PBXVariantGroup section */

/* Begin XCBuildConfiguration section */
		F2E29FB31C4858DB009528E7 /* Debug */ = {
			isa = XCBuildConfiguration;
			buildSettings = {
				ALWAYS_SEARCH_USER_PATHS = NO;
				CLANG_CXX_LANGUAGE_STANDARD = "gnu++0x";
				CLANG_CXX_LIBRARY = "libc++";
				CLANG_ENABLE_MODULES = YES;
				CLANG_ENABLE_OBJC_ARC = YES;
				CLANG_WARN_BOOL_CONVERSION = YES;
				CLANG_WARN_CONSTANT_CONVERSION = YES;
				CLANG_WARN_DIRECT_OBJC_ISA_USAGE = YES_ERROR;
				CLANG_WARN_EMPTY_BODY = YES;
				CLANG_WARN_ENUM_CONVERSION = YES;
				CLANG_WARN_INT_CONVERSION = YES;
				CLANG_WARN_OBJC_ROOT_CLASS = YES_ERROR;
				CLANG_WARN_UNREACHABLE_CODE = YES;
				CLANG_WARN__DUPLICATE_METHOD_MATCH = YES;
				"CODE_SIGN_IDENTITY[sdk=iphoneos*]" = "iPhone Developer";
				COPY_PHASE_STRIP = NO;
				DEBUG_INFORMATION_FORMAT = dwarf;
				ENABLE_STRICT_OBJC_MSGSEND = YES;
				ENABLE_TESTABILITY = YES;
				GCC_C_LANGUAGE_STANDARD = gnu99;
				GCC_DYNAMIC_NO_PIC = NO;
				GCC_NO_COMMON_BLOCKS = YES;
				GCC_OPTIMIZATION_LEVEL = 0;
				GCC_PREPROCESSOR_DEFINITIONS = (
					"DEBUG=1",
					"$(inherited)",
				);
				GCC_WARN_64_TO_32_BIT_CONVERSION = YES;
				GCC_WARN_ABOUT_RETURN_TYPE = YES_ERROR;
				GCC_WARN_UNDECLARED_SELECTOR = YES;
				GCC_WARN_UNINITIALIZED_AUTOS = YES_AGGRESSIVE;
				GCC_WARN_UNUSED_FUNCTION = YES;
				GCC_WARN_UNUSED_VARIABLE = YES;
				IPHONEOS_DEPLOYMENT_TARGET = 9.2;
				MTL_ENABLE_DEBUG_INFO = YES;
				ONLY_ACTIVE_ARCH = YES;
				SDKROOT = iphoneos;
				TARGETED_DEVICE_FAMILY = "1,2";
			};
			name = Debug;
		};
		F2E29FB41C4858DB009528E7 /* Release */ = {
			isa = XCBuildConfiguration;
			buildSettings = {
				ALWAYS_SEARCH_USER_PATHS = NO;
				CLANG_CXX_LANGUAGE_STANDARD = "gnu++0x";
				CLANG_CXX_LIBRARY = "libc++";
				CLANG_ENABLE_MODULES = YES;
				CLANG_ENABLE_OBJC_ARC = YES;
				CLANG_WARN_BOOL_CONVERSION = YES;
				CLANG_WARN_CONSTANT_CONVERSION = YES;
				CLANG_WARN_DIRECT_OBJC_ISA_USAGE = YES_ERROR;
				CLANG_WARN_EMPTY_BODY = YES;
				CLANG_WARN_ENUM_CONVERSION = YES;
				CLANG_WARN_INT_CONVERSION = YES;
				CLANG_WARN_OBJC_ROOT_CLASS = YES_ERROR;
				CLANG_WARN_UNREACHABLE_CODE = YES;
				CLANG_WARN__DUPLICATE_METHOD_MATCH = YES;
				"CODE_SIGN_IDENTITY[sdk=iphoneos*]" = "iPhone Developer";
				COPY_PHASE_STRIP = NO;
				DEBUG_INFORMATION_FORMAT = "dwarf-with-dsym";
				ENABLE_NS_ASSERTIONS = NO;
				ENABLE_STRICT_OBJC_MSGSEND = YES;
				GCC_C_LANGUAGE_STANDARD = gnu99;
				GCC_NO_COMMON_BLOCKS = YES;
				GCC_WARN_64_TO_32_BIT_CONVERSION = YES;
				GCC_WARN_ABOUT_RETURN_TYPE = YES_ERROR;
				GCC_WARN_UNDECLARED_SELECTOR = YES;
				GCC_WARN_UNINITIALIZED_AUTOS = YES_AGGRESSIVE;
				GCC_WARN_UNUSED_FUNCTION = YES;
				GCC_WARN_UNUSED_VARIABLE = YES;
				IPHONEOS_DEPLOYMENT_TARGET = 9.2;
				MTL_ENABLE_DEBUG_INFO = NO;
				SDKROOT = iphoneos;
				TARGETED_DEVICE_FAMILY = "1,2";
				VALIDATE_PRODUCT = YES;
			};
			name = Release;
		};
		F2E29FB61C4858DB009528E7 /* Debug */ = {
			isa = XCBuildConfiguration;
			baseConfigurationReference = DA21775E8F4EC89D7FAD2808 /* Pods-BbCoreProject.debug.xcconfig */;
			buildSettings = {
				ASSETCATALOG_COMPILER_APPICON_NAME = AppIcon;
				INFOPLIST_FILE = BbCoreProject/Info.plist;
				LD_RUNPATH_SEARCH_PATHS = "$(inherited) @executable_path/Frameworks";
				PRODUCT_BUNDLE_IDENTIFIER = birdSound.BbCoreProject;
				PRODUCT_NAME = "$(TARGET_NAME)";
			};
			name = Debug;
		};
		F2E29FB71C4858DB009528E7 /* Release */ = {
			isa = XCBuildConfiguration;
			baseConfigurationReference = A2402CAD59E578EC1C8965EB /* Pods-BbCoreProject.release.xcconfig */;
			buildSettings = {
				ASSETCATALOG_COMPILER_APPICON_NAME = AppIcon;
				INFOPLIST_FILE = BbCoreProject/Info.plist;
				LD_RUNPATH_SEARCH_PATHS = "$(inherited) @executable_path/Frameworks";
				PRODUCT_BUNDLE_IDENTIFIER = birdSound.BbCoreProject;
				PRODUCT_NAME = "$(TARGET_NAME)";
			};
			name = Release;
		};
		F2E29FB91C4858DB009528E7 /* Debug */ = {
			isa = XCBuildConfiguration;
			buildSettings = {
				BUNDLE_LOADER = "$(TEST_HOST)";
				INFOPLIST_FILE = BbCoreProjectTests/Info.plist;
				LD_RUNPATH_SEARCH_PATHS = "$(inherited) @executable_path/Frameworks @loader_path/Frameworks";
				PRODUCT_BUNDLE_IDENTIFIER = birdSound.BbCoreProjectTests;
				PRODUCT_NAME = "$(TARGET_NAME)";
				TEST_HOST = "$(BUILT_PRODUCTS_DIR)/BbCoreProject.app/BbCoreProject";
			};
			name = Debug;
		};
		F2E29FBA1C4858DB009528E7 /* Release */ = {
			isa = XCBuildConfiguration;
			buildSettings = {
				BUNDLE_LOADER = "$(TEST_HOST)";
				INFOPLIST_FILE = BbCoreProjectTests/Info.plist;
				LD_RUNPATH_SEARCH_PATHS = "$(inherited) @executable_path/Frameworks @loader_path/Frameworks";
				PRODUCT_BUNDLE_IDENTIFIER = birdSound.BbCoreProjectTests;
				PRODUCT_NAME = "$(TARGET_NAME)";
				TEST_HOST = "$(BUILT_PRODUCTS_DIR)/BbCoreProject.app/BbCoreProject";
			};
			name = Release;
		};
		F2E29FBC1C4858DB009528E7 /* Debug */ = {
			isa = XCBuildConfiguration;
			buildSettings = {
				INFOPLIST_FILE = BbCoreProjectUITests/Info.plist;
				LD_RUNPATH_SEARCH_PATHS = "$(inherited) @executable_path/Frameworks @loader_path/Frameworks";
				PRODUCT_BUNDLE_IDENTIFIER = birdSound.BbCoreProjectUITests;
				PRODUCT_NAME = "$(TARGET_NAME)";
				TEST_TARGET_NAME = BbCoreProject;
				USES_XCTRUNNER = YES;
			};
			name = Debug;
		};
		F2E29FBD1C4858DB009528E7 /* Release */ = {
			isa = XCBuildConfiguration;
			buildSettings = {
				INFOPLIST_FILE = BbCoreProjectUITests/Info.plist;
				LD_RUNPATH_SEARCH_PATHS = "$(inherited) @executable_path/Frameworks @loader_path/Frameworks";
				PRODUCT_BUNDLE_IDENTIFIER = birdSound.BbCoreProjectUITests;
				PRODUCT_NAME = "$(TARGET_NAME)";
				TEST_TARGET_NAME = BbCoreProject;
				USES_XCTRUNNER = YES;
			};
			name = Release;
		};
/* End XCBuildConfiguration section */

/* Begin XCConfigurationList section */
		F2E29F831C4858DB009528E7 /* Build configuration list for PBXProject "BbCoreProject" */ = {
			isa = XCConfigurationList;
			buildConfigurations = (
				F2E29FB31C4858DB009528E7 /* Debug */,
				F2E29FB41C4858DB009528E7 /* Release */,
			);
			defaultConfigurationIsVisible = 0;
			defaultConfigurationName = Release;
		};
		F2E29FB51C4858DB009528E7 /* Build configuration list for PBXNativeTarget "BbCoreProject" */ = {
			isa = XCConfigurationList;
			buildConfigurations = (
				F2E29FB61C4858DB009528E7 /* Debug */,
				F2E29FB71C4858DB009528E7 /* Release */,
			);
			defaultConfigurationIsVisible = 0;
			defaultConfigurationName = Release;
		};
		F2E29FB81C4858DB009528E7 /* Build configuration list for PBXNativeTarget "BbCoreProjectTests" */ = {
			isa = XCConfigurationList;
			buildConfigurations = (
				F2E29FB91C4858DB009528E7 /* Debug */,
				F2E29FBA1C4858DB009528E7 /* Release */,
			);
			defaultConfigurationIsVisible = 0;
			defaultConfigurationName = Release;
		};
		F2E29FBB1C4858DB009528E7 /* Build configuration list for PBXNativeTarget "BbCoreProjectUITests" */ = {
			isa = XCConfigurationList;
			buildConfigurations = (
				F2E29FBC1C4858DB009528E7 /* Debug */,
				F2E29FBD1C4858DB009528E7 /* Release */,
			);
			defaultConfigurationIsVisible = 0;
			defaultConfigurationName = Release;
		};
/* End XCConfigurationList section */
	};
	rootObject = F2E29F801C4858DB009528E7 /* Project object */;
}
